
Microsoft Visual Studio Solution File, Format Version 12.00
# Visual Studio Version 17
VisualStudioVersion = 17.2.32630.192
MinimumVisualStudioVersion = 10.0.40219.1
Project("{9A19103F-16F7-4668-BE54-9A1E7A4F7556}") = "DotnetRabbitmqThrottle.Consumer.ConsoletHost", "src\DotnetRabbitmqThrottle.Consumer.ConsoletHost\DotnetRabbitmqThrottle.Consumer.ConsoletHost.csproj", "{AC318729-C19B-457D-81FE-3E1ABC8981E7}"
EndProject
Project("{9A19103F-16F7-4668-BE54-9A1E7A4F7556}") = "DotnetRabbitmqThrottle.Producer.API", "src\DotnetRabbitmqThrottle.Producer.API\DotnetRabbitmqThrottle.Producer.API.csproj", "{03C0186F-8131-4529-BDAF-49A29AE62277}"
EndProject
Project("{9A19103F-16F7-4668-BE54-9A1E7A4F7556}") = "DotnetRabbitmqThrottle.Domain", "src\DotnetRabbitmqThrottle.Domain\DotnetRabbitmqThrottle.Domain.csproj", "{3977E75F-EA36-4594-83BB-F668692E9CCA}"
EndProject
Project("{9A19103F-16F7-4668-BE54-9A1E7A4F7556}") = "DotnetRabbitmqThrottle.Application", "src\DotnetRabbitmqThrottle.Application\DotnetRabbitmqThrottle.Application.csproj", "{339FCD18-2257-4D9F-B77C-AA29BE51755B}"
EndProject
Project("{9A19103F-16F7-4668-BE54-9A1E7A4F7556}") = "DotnetRabbitmqThrottle.Producer.ConsoleApp", "src\DotnetRabbitmqThrottle.Producer.ConsoleApp\DotnetRabbitmqThrottle.Producer.ConsoleApp.csproj", "{75D0B3BC-4EB1-4ADC-A811-841D8721A2A8}"
EndProject
Project("{2150E333-8FDC-42A3-9474-1A3956D46DE8}") = "Solution Items", "Solution Items", "{F7E5E204-BA07-4449-88EB-3DE98439B080}"
	ProjectSection(SolutionItems) = preProject
		..\README.md = ..\README.md
	EndProjectSection
EndProject
Global
	GlobalSection(SolutionConfigurationPlatforms) = preSolution
		Debug|Any CPU = Debug|Any CPU
		Release|Any CPU = Release|Any CPU
	EndGlobalSection
	GlobalSection(ProjectConfigurationPlatforms) = postSolution
		{AC318729-C19B-457D-81FE-3E1ABC8981E7}.Debug|Any CPU.ActiveCfg = Debug|Any CPU
		{AC318729-C19B-457D-81FE-3E1ABC8981E7}.Debug|Any CPU.Build.0 = Debug|Any CPU
		{AC318729-C19B-457D-81FE-3E1ABC8981E7}.Release|Any CPU.ActiveCfg = Release|Any CPU
		{AC318729-C19B-457D-81FE-3E1ABC8981E7}.Release|Any CPU.Build.0 = Release|Any CPU
		{03C0186F-8131-4529-BDAF-49A29AE62277}.Debug|Any CPU.ActiveCfg = Debug|Any CPU
		{03C0186F-8131-4529-BDAF-49A29AE62277}.Debug|Any CPU.Build.0 = Debug|Any CPU
		{03C0186F-8131-4529-BDAF-49A29AE62277}.Release|Any CPU.ActiveCfg = Release|Any CPU
		{03C0186F-8131-4529-BDAF-49A29AE62277}.Release|Any CPU.Build.0 = Release|Any CPU
		{3977E75F-EA36-4594-83BB-F668692E9CCA}.Debug|Any CPU.ActiveCfg = Debug|Any CPU
		{3977E75F-EA36-4594-83BB-F668692E9CCA}.Debug|Any CPU.Build.0 = Debug|Any CPU
		{3977E75F-EA36-4594-83BB-F668692E9CCA}.Release|Any CPU.ActiveCfg = Release|Any CPU
		{3977E75F-EA36-4594-83BB-F668692E9CCA}.Release|Any CPU.Build.0 = Release|Any CPU
		{339FCD18-2257-4D9F-B77C-AA29BE51755B}.Debug|Any CPU.ActiveCfg = Debug|Any CPU
		{339FCD18-2257-4D9F-B77C-AA29BE51755B}.Debug|Any CPU.Build.0 = Debug|Any CPU
		{339FCD18-2257-4D9F-B77C-AA29BE51755B}.Release|Any CPU.ActiveCfg = Release|Any CPU
		{339FCD18-2257-4D9F-B77C-AA29BE51755B}.Release|Any CPU.Build.0 = Release|Any CPU
		{75D0B3BC-4EB1-4ADC-A811-841D8721A2A8}.Debug|Any CPU.ActiveCfg = Debug|Any CPU
		{75D0B3BC-4EB1-4ADC-A811-841D8721A2A8}.Debug|Any CPU.Build.0 = Debug|Any CPU
		{75D0B3BC-4EB1-4ADC-A811-841D8721A2A8}.Release|Any CPU.ActiveCfg = Release|Any CPU
		{75D0B3BC-4EB1-4ADC-A811-841D8721A2A8}.Release|Any CPU.Build.0 = Release|Any CPU
	EndGlobalSection
	GlobalSection(SolutionProperties) = preSolution
		HideSolutionNode = FALSE
	EndGlobalSection
	GlobalSection(ExtensibilityGlobals) = postSolution
		SolutionGuid = {9CEE78E2-D8FC-4B5F-847D-C6385A57A900}
	EndGlobalSection
EndGlobal
